
Microsoft Visual Studio Solution File, Format Version 12.00
# Visual Studio Version 17
VisualStudioVersion = 17.5.002.0
MinimumVisualStudioVersion = 10.0.40219.1
Project("{9A19103F-16F7-4668-BE54-9A1E7A4F7556}") = "Excersise1", "Excersise1.csproj", "{DFBED3F6-2873-42AE-BB63-957D5A7D8C4C}"
EndProject
Global
	GlobalSection(SolutionConfigurationPlatforms) = preSolution
		Debug|Any CPU = Debug|Any CPU
		Release|Any CPU = Release|Any CPU
	EndGlobalSection
	GlobalSection(ProjectConfigurationPlatforms) = postSolution
		{DFBED3F6-2873-42AE-BB63-957D5A7D8C4C}.Debug|Any CPU.ActiveCfg = Debug|Any CPU
		{DFBED3F6-2873-42AE-BB63-957D5A7D8C4C}.Debug|Any CPU.Build.0 = Debug|Any CPU
		{DFBED3F6-2873-42AE-BB63-957D5A7D8C4C}.Release|Any CPU.ActiveCfg = Release|Any CPU
		{DFBED3F6-2873-42AE-BB63-957D5A7D8C4C}.Release|Any CPU.Build.0 = Release|Any CPU
	EndGlobalSection
	GlobalSection(SolutionProperties) = preSolution
		HideSolutionNode = FALSE
	EndGlobalSection
	GlobalSection(ExtensibilityGlobals) = postSolution
		SolutionGuid = {608D3CEB-1CB9-4786-B256-8604B4585A1C}
	EndGlobalSection
EndGlobal
